
Microsoft Visual Studio Solution File, Format Version 12.00
# Visual Studio 15
VisualStudioVersion = 15.0.28307.438
MinimumVisualStudioVersion = 10.0.40219.1
Project("{FAE04EC0-301F-11D3-BF4B-00C04F79EFBC}") = "CoreMvc", "CoreMvc\CoreMvc.csproj", "{4EF3CFD3-1D3A-49BD-984E-45112BDB43EA}"
EndProject
Project("{FAE04EC0-301F-11D3-BF4B-00C04F79EFBC}") = "Model", "Model\Model.csproj", "{4532BF59-4741-4F1D-8550-9CEE5B9A7BEF}"
EndProject
Global
	GlobalSection(SolutionConfigurationPlatforms) = preSolution
		Debug|Any CPU = Debug|Any CPU
		Release|Any CPU = Release|Any CPU
	EndGlobalSection
	GlobalSection(ProjectConfigurationPlatforms) = postSolution
		{4EF3CFD3-1D3A-49BD-984E-45112BDB43EA}.Debug|Any CPU.ActiveCfg = Debug|Any CPU
		{4EF3CFD3-1D3A-49BD-984E-45112BDB43EA}.Debug|Any CPU.Build.0 = Debug|Any CPU
		{4EF3CFD3-1D3A-49BD-984E-45112BDB43EA}.Release|Any CPU.ActiveCfg = Release|Any CPU
		{4EF3CFD3-1D3A-49BD-984E-45112BDB43EA}.Release|Any CPU.Build.0 = Release|Any CPU
		{4532BF59-4741-4F1D-8550-9CEE5B9A7BEF}.Debug|Any CPU.ActiveCfg = Debug|Any CPU
		{4532BF59-4741-4F1D-8550-9CEE5B9A7BEF}.Debug|Any CPU.Build.0 = Debug|Any CPU
		{4532BF59-4741-4F1D-8550-9CEE5B9A7BEF}.Release|Any CPU.ActiveCfg = Release|Any CPU
		{4532BF59-4741-4F1D-8550-9CEE5B9A7BEF}.Release|Any CPU.Build.0 = Release|Any CPU
	EndGlobalSection
	GlobalSection(SolutionProperties) = preSolution
		HideSolutionNode = FALSE
	EndGlobalSection
	GlobalSection(ExtensibilityGlobals) = postSolution
		SolutionGuid = {55891C1A-40CE-43B0-B624-F4B8B357925A}
	EndGlobalSection
EndGlobal
